PODS:
  - Differentiator (3.1.0)
  - RxAtomic (4.4.0)
  - RxCocoa (4.4.0):
    - RxSwift (~> 4.0)
  - RxDataSources (3.1.0):
    - Differentiator (~> 3.0)
    - RxCocoa (~> 4.0)
    - RxSwift (~> 4.0)
  - RxSwift (4.4.0):
    - RxAtomic (~> 4.4)
  - SkeletonView (1.4.1)
  - SnapKit (4.2.0)

DEPENDENCIES:
  - RxCocoa
  - RxDataSources
  - RxSwift
  - SkeletonView
  - SnapKit

SPEC REPOS:
  https://github.com/cocoapods/specs.git:
    - Differentiator
    - RxAtomic
    - RxCocoa
    - RxDataSources
    - RxSwift
    - SkeletonView
    - SnapKit

SPEC CHECKSUMS:
  Differentiator: be49ca3408f0ecfc761e4c7763d20c62be01b9ad
  RxAtomic: eacf60db868c96bfd63320e28619fe29c179656f
  RxCocoa: df63ebf7b9a70d6b4eeea407ed5dd4efc8979749
  RxDataSources: a843bad90c29817f5923ec8163f4af2de084ceb3
  RxSwift: 5976ecd04fc2fefd648827c23de5e11157faa973
  SkeletonView: 60d6ce7edb0cb4c7758db33c74add50392b3c475
  SnapKit: fe8a619752f3f27075cc9a90244d75c6c3f27e2a

PODFILE CHECKSUM: 5b790efa28f9f157e373f8ac43b5d2e769415b0b

COCOAPODS: 1.6.0.beta.2
